
Microsoft Visual Studio Solution File, Format Version 12.00
# TcXaeShell Solution File, Format Version 11.00
VisualStudioVersion = 15.0.34829.251
MinimumVisualStudioVersion = 10.0.40219.1
Project("{B1E792BE-AA5F-4E3C-8C82-674BF9C0715B}") = "Resi4MPM-PLC-ReferenceImplementation", "Resi4MPM-PLC-ReferenceImplementation.tsproj", "{8BDF9125-1551-4443-8BCE-1742BDEBEE53}"
EndProject
Global
	GlobalSection(SolutionConfigurationPlatforms) = preSolution
		Debug|TwinCAT CE7 (ARMV7) = Debug|TwinCAT CE7 (ARMV7)
		Debug|TwinCAT OS (ARMT2) = Debug|TwinCAT OS (ARMT2)
		Debug|TwinCAT OS (ARMV7-A) = Debug|TwinCAT OS (ARMV7-A)
		Debug|TwinCAT OS (ARMV7-M) = Debug|TwinCAT OS (ARMV7-M)
		Debug|TwinCAT OS (ARMV8-A) = Debug|TwinCAT OS (ARMV8-A)
		Debug|TwinCAT OS (x64) = Debug|TwinCAT OS (x64)
		Debug|TwinCAT RT (x64) = Debug|TwinCAT RT (x64)
		Debug|TwinCAT RT (x86) = Debug|TwinCAT RT (x86)
		Release|TwinCAT CE7 (ARMV7) = Release|TwinCAT CE7 (ARMV7)
		Release|TwinCAT OS (ARMT2) = Release|TwinCAT OS (ARMT2)
		Release|TwinCAT OS (ARMV7-A) = Release|TwinCAT OS (ARMV7-A)
		Release|TwinCAT OS (ARMV7-M) = Release|TwinCAT OS (ARMV7-M)
		Release|TwinCAT OS (ARMV8-A) = Release|TwinCAT OS (ARMV8-A)
		Release|TwinCAT OS (x64) = Release|TwinCAT OS (x64)
		Release|TwinCAT RT (x64) = Release|TwinCAT RT (x64)
		Release|TwinCAT RT (x86) = Release|TwinCAT RT (x86)
	EndGlobalSection
	GlobalSection(ProjectConfigurationPlatforms) = postSolution
		{8BDF9125-1551-4443-8BCE-1742BDEBEE53}.Debug|TwinCAT CE7 (ARMV7).ActiveCfg = Debug|TwinCAT CE7 (ARMV7)
		{8BDF9125-1551-4443-8BCE-1742BDEBEE53}.Debug|TwinCAT CE7 (ARMV7).Build.0 = Debug|TwinCAT CE7 (ARMV7)
		{8BDF9125-1551-4443-8BCE-1742BDEBEE53}.Debug|TwinCAT OS (ARMT2).ActiveCfg = Debug|TwinCAT OS (ARMV8-A)
		{8BDF9125-1551-4443-8BCE-1742BDEBEE53}.Debug|TwinCAT OS (ARMV7-A).ActiveCfg = Debug|TwinCAT OS (ARMV7-A)
		{8BDF9125-1551-4443-8BCE-1742BDEBEE53}.Debug|TwinCAT OS (ARMV7-A).Build.0 = Debug|TwinCAT OS (ARMV7-A)
		{8BDF9125-1551-4443-8BCE-1742BDEBEE53}.Debug|TwinCAT OS (ARMV7-M).ActiveCfg = Debug|TwinCAT OS (ARMV7-M)
		{8BDF9125-1551-4443-8BCE-1742BDEBEE53}.Debug|TwinCAT OS (ARMV7-M).Build.0 = Debug|TwinCAT OS (ARMV7-M)
		{8BDF9125-1551-4443-8BCE-1742BDEBEE53}.Debug|TwinCAT OS (ARMV8-A).ActiveCfg = Debug|TwinCAT OS (ARMV8-A)
		{8BDF9125-1551-4443-8BCE-1742BDEBEE53}.Debug|TwinCAT OS (ARMV8-A).Build.0 = Debug|TwinCAT OS (ARMV8-A)
		{8BDF9125-1551-4443-8BCE-1742BDEBEE53}.Debug|TwinCAT OS (x64).ActiveCfg = Debug|TwinCAT OS (x64)
		{8BDF9125-1551-4443-8BCE-1742BDEBEE53}.Debug|TwinCAT OS (x64).Build.0 = Debug|TwinCAT OS (x64)
		{8BDF9125-1551-4443-8BCE-1742BDEBEE53}.Debug|TwinCAT RT (x64).ActiveCfg = Debug|TwinCAT RT (x64)
		{8BDF9125-1551-4443-8BCE-1742BDEBEE53}.Debug|TwinCAT RT (x64).Build.0 = Debug|TwinCAT RT (x64)
		{8BDF9125-1551-4443-8BCE-1742BDEBEE53}.Debug|TwinCAT RT (x86).ActiveCfg = Debug|TwinCAT RT (x86)
		{8BDF9125-1551-4443-8BCE-1742BDEBEE53}.Debug|TwinCAT RT (x86).Build.0 = Debug|TwinCAT RT (x86)
		{8BDF9125-1551-4443-8BCE-1742BDEBEE53}.Release|TwinCAT CE7 (ARMV7).ActiveCfg = Release|TwinCAT CE7 (ARMV7)
		{8BDF9125-1551-4443-8BCE-1742BDEBEE53}.Release|TwinCAT CE7 (ARMV7).Build.0 = Release|TwinCAT CE7 (ARMV7)
		{8BDF9125-1551-4443-8BCE-1742BDEBEE53}.Release|TwinCAT OS (ARMT2).ActiveCfg = Release|TwinCAT OS (ARMV8-A)
		{8BDF9125-1551-4443-8BCE-1742BDEBEE53}.Release|TwinCAT OS (ARMV7-A).ActiveCfg = Release|TwinCAT OS (ARMV7-A)
		{8BDF9125-1551-4443-8BCE-1742BDEBEE53}.Release|TwinCAT OS (ARMV7-A).Build.0 = Release|TwinCAT OS (ARMV7-A)
		{8BDF9125-1551-4443-8BCE-1742BDEBEE53}.Release|TwinCAT OS (ARMV7-M).ActiveCfg = Release|TwinCAT OS (ARMV7-M)
		{8BDF9125-1551-4443-8BCE-1742BDEBEE53}.Release|TwinCAT OS (ARMV7-M).Build.0 = Release|TwinCAT OS (ARMV7-M)
		{8BDF9125-1551-4443-8BCE-1742BDEBEE53}.Release|TwinCAT OS (ARMV8-A).ActiveCfg = Release|TwinCAT OS (ARMV8-A)
		{8BDF9125-1551-4443-8BCE-1742BDEBEE53}.Release|TwinCAT OS (ARMV8-A).Build.0 = Release|TwinCAT OS (ARMV8-A)
		{8BDF9125-1551-4443-8BCE-1742BDEBEE53}.Release|TwinCAT OS (x64).ActiveCfg = Release|TwinCAT OS (x64)
		{8BDF9125-1551-4443-8BCE-1742BDEBEE53}.Release|TwinCAT OS (x64).Build.0 = Release|TwinCAT OS (x64)
		{8BDF9125-1551-4443-8BCE-1742BDEBEE53}.Release|TwinCAT RT (x64).ActiveCfg = Release|TwinCAT RT (x64)
		{8BDF9125-1551-4443-8BCE-1742BDEBEE53}.Release|TwinCAT RT (x64).Build.0 = Release|TwinCAT RT (x64)
		{8BDF9125-1551-4443-8BCE-1742BDEBEE53}.Release|TwinCAT RT (x86).ActiveCfg = Release|TwinCAT RT (x86)
		{8BDF9125-1551-4443-8BCE-1742BDEBEE53}.Release|TwinCAT RT (x86).Build.0 = Release|TwinCAT RT (x86)
		{A68E175D-2803-4B3E-97DE-543FF7CDE64A}.Debug|TwinCAT CE7 (ARMV7).ActiveCfg = Debug|TwinCAT CE7 (ARMV7)
		{A68E175D-2803-4B3E-97DE-543FF7CDE64A}.Debug|TwinCAT CE7 (ARMV7).Build.0 = Debug|TwinCAT CE7 (ARMV7)
		{A68E175D-2803-4B3E-97DE-543FF7CDE64A}.Debug|TwinCAT OS (ARMT2).ActiveCfg = Debug|TwinCAT OS (ARMV8-A)
		{A68E175D-2803-4B3E-97DE-543FF7CDE64A}.Debug|TwinCAT OS (ARMV7-A).ActiveCfg = Debug|TwinCAT OS (ARMV7-A)
		{A68E175D-2803-4B3E-97DE-543FF7CDE64A}.Debug|TwinCAT OS (ARMV7-A).Build.0 = Debug|TwinCAT OS (ARMV7-A)
		{A68E175D-2803-4B3E-97DE-543FF7CDE64A}.Debug|TwinCAT OS (ARMV7-M).ActiveCfg = Debug|TwinCAT OS (ARMV7-M)
		{A68E175D-2803-4B3E-97DE-543FF7CDE64A}.Debug|TwinCAT OS (ARMV7-M).Build.0 = Debug|TwinCAT OS (ARMV7-M)
		{A68E175D-2803-4B3E-97DE-543FF7CDE64A}.Debug|TwinCAT OS (ARMV8-A).ActiveCfg = Debug|TwinCAT OS (ARMV8-A)
		{A68E175D-2803-4B3E-97DE-543FF7CDE64A}.Debug|TwinCAT OS (ARMV8-A).Build.0 = Debug|TwinCAT OS (ARMV8-A)
		{A68E175D-2803-4B3E-97DE-543FF7CDE64A}.Debug|TwinCAT OS (x64).ActiveCfg = Debug|TwinCAT OS (x64)
		{A68E175D-2803-4B3E-97DE-543FF7CDE64A}.Debug|TwinCAT OS (x64).Build.0 = Debug|TwinCAT OS (x64)
		{A68E175D-2803-4B3E-97DE-543FF7CDE64A}.Debug|TwinCAT RT (x64).ActiveCfg = Debug|TwinCAT RT (x64)
		{A68E175D-2803-4B3E-97DE-543FF7CDE64A}.Debug|TwinCAT RT (x64).Build.0 = Debug|TwinCAT RT (x64)
		{A68E175D-2803-4B3E-97DE-543FF7CDE64A}.Debug|TwinCAT RT (x86).ActiveCfg = Debug|TwinCAT RT (x86)
		{A68E175D-2803-4B3E-97DE-543FF7CDE64A}.Debug|TwinCAT RT (x86).Build.0 = Debug|TwinCAT RT (x86)
		{A68E175D-2803-4B3E-97DE-543FF7CDE64A}.Release|TwinCAT CE7 (ARMV7).ActiveCfg = Release|TwinCAT CE7 (ARMV7)
		{A68E175D-2803-4B3E-97DE-543FF7CDE64A}.Release|TwinCAT CE7 (ARMV7).Build.0 = Release|TwinCAT CE7 (ARMV7)
		{A68E175D-2803-4B3E-97DE-543FF7CDE64A}.Release|TwinCAT OS (ARMT2).ActiveCfg = Release|TwinCAT OS (ARMV8-A)
		{A68E175D-2803-4B3E-97DE-543FF7CDE64A}.Release|TwinCAT OS (ARMV7-A).ActiveCfg = Release|TwinCAT OS (ARMV7-A)
		{A68E175D-2803-4B3E-97DE-543FF7CDE64A}.Release|TwinCAT OS (ARMV7-A).Build.0 = Release|TwinCAT OS (ARMV7-A)
		{A68E175D-2803-4B3E-97DE-543FF7CDE64A}.Release|TwinCAT OS (ARMV7-M).ActiveCfg = Release|TwinCAT OS (ARMV7-M)
		{A68E175D-2803-4B3E-97DE-543FF7CDE64A}.Release|TwinCAT OS (ARMV7-M).Build.0 = Release|TwinCAT OS (ARMV7-M)
		{A68E175D-2803-4B3E-97DE-543FF7CDE64A}.Release|TwinCAT OS (ARMV8-A).ActiveCfg = Release|TwinCAT OS (ARMV8-A)
		{A68E175D-2803-4B3E-97DE-543FF7CDE64A}.Release|TwinCAT OS (ARMV8-A).Build.0 = Release|TwinCAT OS (ARMV8-A)
		{A68E175D-2803-4B3E-97DE-543FF7CDE64A}.Release|TwinCAT OS (x64).ActiveCfg = Release|TwinCAT OS (x64)
		{A68E175D-2803-4B3E-97DE-543FF7CDE64A}.Release|TwinCAT OS (x64).Build.0 = Release|TwinCAT OS (x64)
		{A68E175D-2803-4B3E-97DE-543FF7CDE64A}.Release|TwinCAT RT (x64).ActiveCfg = Release|TwinCAT RT (x64)
		{A68E175D-2803-4B3E-97DE-543FF7CDE64A}.Release|TwinCAT RT (x64).Build.0 = Release|TwinCAT RT (x64)
		{A68E175D-2803-4B3E-97DE-543FF7CDE64A}.Release|TwinCAT RT (x86).ActiveCfg = Release|TwinCAT RT (x86)
		{A68E175D-2803-4B3E-97DE-543FF7CDE64A}.Release|TwinCAT RT (x86).Build.0 = Release|TwinCAT RT (x86)
		{41C8CFC6-DCF6-45D5-8BB8-2E3900E72FC5}.Debug|TwinCAT CE7 (ARMV7).ActiveCfg = Debug|TwinCAT CE7 (ARMV7)
		{41C8CFC6-DCF6-45D5-8BB8-2E3900E72FC5}.Debug|TwinCAT CE7 (ARMV7).Build.0 = Debug|TwinCAT CE7 (ARMV7)
		{41C8CFC6-DCF6-45D5-8BB8-2E3900E72FC5}.Debug|TwinCAT OS (ARMT2).ActiveCfg = Debug|TwinCAT OS (ARMV7-A)
		{41C8CFC6-DCF6-45D5-8BB8-2E3900E72FC5}.Debug|TwinCAT OS (ARMT2).Build.0 = Debug|TwinCAT OS (ARMV7-A)
		{41C8CFC6-DCF6-45D5-8BB8-2E3900E72FC5}.Debug|TwinCAT OS (ARMV7-A).ActiveCfg = Debug|TwinCAT OS (ARMV7-A)
		{41C8CFC6-DCF6-45D5-8BB8-2E3900E72FC5}.Debug|TwinCAT OS (ARMV7-A).Build.0 = Debug|TwinCAT OS (ARMV7-A)
		{41C8CFC6-DCF6-45D5-8BB8-2E3900E72FC5}.Debug|TwinCAT OS (ARMV7-M).ActiveCfg = Debug|TwinCAT OS (ARMV7-M)
		{41C8CFC6-DCF6-45D5-8BB8-2E3900E72FC5}.Debug|TwinCAT OS (ARMV7-M).Build.0 = Debug|TwinCAT OS (ARMV7-M)
		{41C8CFC6-DCF6-45D5-8BB8-2E3900E72FC5}.Debug|TwinCAT OS (ARMV8-A).ActiveCfg = Debug|TwinCAT OS (ARMV8-A)
		{41C8CFC6-DCF6-45D5-8BB8-2E3900E72FC5}.Debug|TwinCAT OS (ARMV8-A).Build.0 = Debug|TwinCAT OS (ARMV8-A)
		{41C8CFC6-DCF6-45D5-8BB8-2E3900E72FC5}.Debug|TwinCAT OS (x64).ActiveCfg = Debug|TwinCAT OS (x64)
		{41C8CFC6-DCF6-45D5-8BB8-2E3900E72FC5}.Debug|TwinCAT OS (x64).Build.0 = Debug|TwinCAT OS (x64)
		{41C8CFC6-DCF6-45D5-8BB8-2E3900E72FC5}.Debug|TwinCAT RT (x64).ActiveCfg = Debug|TwinCAT RT (x64)
		{41C8CFC6-DCF6-45D5-8BB8-2E3900E72FC5}.Debug|TwinCAT RT (x64).Build.0 = Debug|TwinCAT RT (x64)
		{41C8CFC6-DCF6-45D5-8BB8-2E3900E72FC5}.Debug|TwinCAT RT (x86).ActiveCfg = Debug|TwinCAT RT (x86)
		{41C8CFC6-DCF6-45D5-8BB8-2E3900E72FC5}.Debug|TwinCAT RT (x86).Build.0 = Debug|TwinCAT RT (x86)
		{41C8CFC6-DCF6-45D5-8BB8-2E3900E72FC5}.Release|TwinCAT CE7 (ARMV7).ActiveCfg = Release|TwinCAT CE7 (ARMV7)
		{41C8CFC6-DCF6-45D5-8BB8-2E3900E72FC5}.Release|TwinCAT CE7 (ARMV7).Build.0 = Release|TwinCAT CE7 (ARMV7)
		{41C8CFC6-DCF6-45D5-8BB8-2E3900E72FC5}.Release|TwinCAT OS (ARMT2).ActiveCfg = Release|TwinCAT OS (ARMV7-A)
		{41C8CFC6-DCF6-45D5-8BB8-2E3900E72FC5}.Release|TwinCAT OS (ARMT2).Build.0 = Release|TwinCAT OS (ARMV7-A)
		{41C8CFC6-DCF6-45D5-8BB8-2E3900E72FC5}.Release|TwinCAT OS (ARMV7-A).ActiveCfg = Release|TwinCAT OS (ARMV7-A)
		{41C8CFC6-DCF6-45D5-8BB8-2E3900E72FC5}.Release|TwinCAT OS (ARMV7-A).Build.0 = Release|TwinCAT OS (ARMV7-A)
		{41C8CFC6-DCF6-45D5-8BB8-2E3900E72FC5}.Release|TwinCAT OS (ARMV7-M).ActiveCfg = Release|TwinCAT OS (ARMV7-M)
		{41C8CFC6-DCF6-45D5-8BB8-2E3900E72FC5}.Release|TwinCAT OS (ARMV7-M).Build.0 = Release|TwinCAT OS (ARMV7-M)
		{41C8CFC6-DCF6-45D5-8BB8-2E3900E72FC5}.Release|TwinCAT OS (ARMV8-A).ActiveCfg = Release|TwinCAT OS (ARMV8-A)
		{41C8CFC6-DCF6-45D5-8BB8-2E3900E72FC5}.Release|TwinCAT OS (ARMV8-A).Build.0 = Release|TwinCAT OS (ARMV8-A)
		{41C8CFC6-DCF6-45D5-8BB8-2E3900E72FC5}.Release|TwinCAT OS (x64).ActiveCfg = Release|TwinCAT OS (x64)
		{41C8CFC6-DCF6-45D5-8BB8-2E3900E72FC5}.Release|TwinCAT OS (x64).Build.0 = Release|TwinCAT OS (x64)
		{41C8CFC6-DCF6-45D5-8BB8-2E3900E72FC5}.Release|TwinCAT RT (x64).ActiveCfg = Release|TwinCAT RT (x64)
		{41C8CFC6-DCF6-45D5-8BB8-2E3900E72FC5}.Release|TwinCAT RT (x64).Build.0 = Release|TwinCAT RT (x64)
		{41C8CFC6-DCF6-45D5-8BB8-2E3900E72FC5}.Release|TwinCAT RT (x86).ActiveCfg = Release|TwinCAT RT (x86)
		{41C8CFC6-DCF6-45D5-8BB8-2E3900E72FC5}.Release|TwinCAT RT (x86).Build.0 = Release|TwinCAT RT (x86)
		{92D12A21-79A5-42CB-8589-AA54337B8F7A}.Debug|TwinCAT CE7 (ARMV7).ActiveCfg = Debug|TwinCAT CE7 (ARMV7)
		{92D12A21-79A5-42CB-8589-AA54337B8F7A}.Debug|TwinCAT CE7 (ARMV7).Build.0 = Debug|TwinCAT CE7 (ARMV7)
		{92D12A21-79A5-42CB-8589-AA54337B8F7A}.Debug|TwinCAT OS (ARMT2).ActiveCfg = Debug|TwinCAT OS (ARMV7-A)
		{92D12A21-79A5-42CB-8589-AA54337B8F7A}.Debug|TwinCAT OS (ARMT2).Build.0 = Debug|TwinCAT OS (ARMV7-A)
		{92D12A21-79A5-42CB-8589-AA54337B8F7A}.Debug|TwinCAT OS (ARMV7-A).ActiveCfg = Debug|TwinCAT OS (ARMV7-A)
		{92D12A21-79A5-42CB-8589-AA54337B8F7A}.Debug|TwinCAT OS (ARMV7-A).Build.0 = Debug|TwinCAT OS (ARMV7-A)
		{92D12A21-79A5-42CB-8589-AA54337B8F7A}.Debug|TwinCAT OS (ARMV7-M).ActiveCfg = Debug|TwinCAT OS (ARMV7-M)
		{92D12A21-79A5-42CB-8589-AA54337B8F7A}.Debug|TwinCAT OS (ARMV7-M).Build.0 = Debug|TwinCAT OS (ARMV7-M)
		{92D12A21-79A5-42CB-8589-AA54337B8F7A}.Debug|TwinCAT OS (ARMV8-A).ActiveCfg = Debug|TwinCAT OS (ARMV8-A)
		{92D12A21-79A5-42CB-8589-AA54337B8F7A}.Debug|TwinCAT OS (ARMV8-A).Build.0 = Debug|TwinCAT OS (ARMV8-A)
		{92D12A21-79A5-42CB-8589-AA54337B8F7A}.Debug|TwinCAT OS (x64).ActiveCfg = Debug|TwinCAT OS (x64)
		{92D12A21-79A5-42CB-8589-AA54337B8F7A}.Debug|TwinCAT OS (x64).Build.0 = Debug|TwinCAT OS (x64)
		{92D12A21-79A5-42CB-8589-AA54337B8F7A}.Debug|TwinCAT RT (x64).ActiveCfg = Debug|TwinCAT RT (x64)
		{92D12A21-79A5-42CB-8589-AA54337B8F7A}.Debug|TwinCAT RT (x64).Build.0 = Debug|TwinCAT RT (x64)
		{92D12A21-79A5-42CB-8589-AA54337B8F7A}.Debug|TwinCAT RT (x86).ActiveCfg = Debug|TwinCAT RT (x86)
		{92D12A21-79A5-42CB-8589-AA54337B8F7A}.Debug|TwinCAT RT (x86).Build.0 = Debug|TwinCAT RT (x86)
		{92D12A21-79A5-42CB-8589-AA54337B8F7A}.Release|TwinCAT CE7 (ARMV7).ActiveCfg = Release|TwinCAT CE7 (ARMV7)
		{92D12A21-79A5-42CB-8589-AA54337B8F7A}.Release|TwinCAT CE7 (ARMV7).Build.0 = Release|TwinCAT CE7 (ARMV7)
		{92D12A21-79A5-42CB-8589-AA54337B8F7A}.Release|TwinCAT OS (ARMT2).ActiveCfg = Release|TwinCAT OS (ARMV7-A)
		{92D12A21-79A5-42CB-8589-AA54337B8F7A}.Release|TwinCAT OS (ARMT2).Build.0 = Release|TwinCAT OS (ARMV7-A)
		{92D12A21-79A5-42CB-8589-AA54337B8F7A}.Release|TwinCAT OS (ARMV7-A).ActiveCfg = Release|TwinCAT OS (ARMV7-A)
		{92D12A21-79A5-42CB-8589-AA54337B8F7A}.Release|TwinCAT OS (ARMV7-A).Build.0 = Release|TwinCAT OS (ARMV7-A)
		{92D12A21-79A5-42CB-8589-AA54337B8F7A}.Release|TwinCAT OS (ARMV7-M).ActiveCfg = Release|TwinCAT OS (ARMV7-M)
		{92D12A21-79A5-42CB-8589-AA54337B8F7A}.Release|TwinCAT OS (ARMV7-M).Build.0 = Release|TwinCAT OS (ARMV7-M)
		{92D12A21-79A5-42CB-8589-AA54337B8F7A}.Release|TwinCAT OS (ARMV8-A).ActiveCfg = Release|TwinCAT OS (ARMV8-A)
		{92D12A21-79A5-42CB-8589-AA54337B8F7A}.Release|TwinCAT OS (ARMV8-A).Build.0 = Release|TwinCAT OS (ARMV8-A)
		{92D12A21-79A5-42CB-8589-AA54337B8F7A}.Release|TwinCAT OS (x64).ActiveCfg = Release|TwinCAT OS (x64)
		{92D12A21-79A5-42CB-8589-AA54337B8F7A}.Release|TwinCAT OS (x64).Build.0 = Release|TwinCAT OS (x64)
		{92D12A21-79A5-42CB-8589-AA54337B8F7A}.Release|TwinCAT RT (x64).ActiveCfg = Release|TwinCAT RT (x64)
		{92D12A21-79A5-42CB-8589-AA54337B8F7A}.Release|TwinCAT RT (x64).Build.0 = Release|TwinCAT RT (x64)
		{92D12A21-79A5-42CB-8589-AA54337B8F7A}.Release|TwinCAT RT (x86).ActiveCfg = Release|TwinCAT RT (x86)
		{92D12A21-79A5-42CB-8589-AA54337B8F7A}.Release|TwinCAT RT (x86).Build.0 = Release|TwinCAT RT (x86)
	EndGlobalSection
	GlobalSection(SolutionProperties) = preSolution
		HideSolutionNode = FALSE
	EndGlobalSection
	GlobalSection(ExtensibilityGlobals) = postSolution
		SolutionGuid = {B579F165-7F67-4EE1-B21E-2B8BB651BCFF}
	EndGlobalSection
EndGlobal
